
Microsoft Visual Studio Solution File, Format Version 12.00
# Visual Studio Version 17
VisualStudioVersion = 17.3.32825.248
MinimumVisualStudioVersion = 10.0.40219.1
Project("{FAE04EC0-301F-11D3-BF4B-00C04F79EFBC}") = "AumentaSalario", "AumentaSalario\AumentaSalario.csproj", "{F045631A-388E-4D34-95D0-2E8DE779263E}"
EndProject
Global
	GlobalSection(SolutionConfigurationPlatforms) = preSolution
		Debug|Any CPU = Debug|Any CPU
		Release|Any CPU = Release|Any CPU
	EndGlobalSection
	GlobalSection(ProjectConfigurationPlatforms) = postSolution
		{F045631A-388E-4D34-95D0-2E8DE779263E}.Debug|Any CPU.ActiveCfg = Debug|Any CPU
		{F045631A-388E-4D34-95D0-2E8DE779263E}.Debug|Any CPU.Build.0 = Debug|Any CPU
		{F045631A-388E-4D34-95D0-2E8DE779263E}.Release|Any CPU.ActiveCfg = Release|Any CPU
		{F045631A-388E-4D34-95D0-2E8DE779263E}.Release|Any CPU.Build.0 = Release|Any CPU
	EndGlobalSection
	GlobalSection(SolutionProperties) = preSolution
		HideSolutionNode = FALSE
	EndGlobalSection
	GlobalSection(ExtensibilityGlobals) = postSolution
		SolutionGuid = {272970C6-52DC-497E-84A0-5E3B7BF20C07}
	EndGlobalSection
EndGlobal
